
Microsoft Visual Studio Solution File, Format Version 12.00
# Visual Studio Version 16
VisualStudioVersion = 16.0.810.19
MinimumVisualStudioVersion = 10.0.40219.1
Project("{FAE04EC0-301F-11D3-BF4B-00C04F79EFBC}") = "WeatherAPI", "WeatherAPI.csproj", "{D757B85E-7FD3-4DD9-B359-5CD7172FD3EB}"
EndProject
Global
	GlobalSection(SolutionConfigurationPlatforms) = preSolution
		Debug|Any CPU = Debug|Any CPU
		Release|Any CPU = Release|Any CPU
	EndGlobalSection
	GlobalSection(ProjectConfigurationPlatforms) = postSolution
		{D757B85E-7FD3-4DD9-B359-5CD7172FD3EB}.Debug|Any CPU.ActiveCfg = Debug|Any CPU
		{D757B85E-7FD3-4DD9-B359-5CD7172FD3EB}.Debug|Any CPU.Build.0 = Debug|Any CPU
		{D757B85E-7FD3-4DD9-B359-5CD7172FD3EB}.Release|Any CPU.ActiveCfg = Release|Any CPU
		{D757B85E-7FD3-4DD9-B359-5CD7172FD3EB}.Release|Any CPU.Build.0 = Release|Any CPU
	EndGlobalSection
	GlobalSection(SolutionProperties) = preSolution
		HideSolutionNode = FALSE
	EndGlobalSection
	GlobalSection(ExtensibilityGlobals) = postSolution
		SolutionGuid = {4C65D713-8D31-46D1-8D23-3D21DAF89A46}
	EndGlobalSection
EndGlobal
